{
  "requires": true,
  "lockfileVersion": 1,
  "dependencies": {
    "svelte-fa": {
      "version": "3.0.4",
      "resolved": "https://registry.npmjs.org/svelte-fa/-/svelte-fa-3.0.4.tgz",
      "integrity": "sha512-y04vEuAoV1wwVDItSCzPW7lzT6v1bj/y1p+W1V+NtIMpQ+8hj8MBkx7JFD7JHSnalPU1QiI8BVfguqheEA3nPg=="
    }
  }
}
